dependencies:
  idf:
    component_hash: null
    source:
      type: idf
    version: 5.3.0
  protocol_examples_common:
    component_hash: null
    source:
      path: C:\Users\Debashish\esp-idf\esp-idf-v5.3\examples\common_components\protocol_examples_common
      type: local
    version: '*'
  zorxx/neopixel:
    component_hash: 1de4d2cd727624743fddd9fbebe6389c594435900e677f8f33b1886d9a75f44d
    source:
      type: service
    version: 1.0.5
manifest_hash: 543bd036f7454514cc547108f8f4c1cbf87ac0f540b531adc5a904b25ea40508
target: esp32
version: 1.0.0
